// !$*UTF8*$!
{
	archiveVersion = 1;
	classes = {
	};
	objectVersion = 55;
	objects = {

/* Begin PBXBuildFile section */
		142712B3289FAA3000478A6F /* AppDelegate.swift in Sources */ = {isa = PBXBuildFile; fileRef = 142712B2289FAA3000478A6F /* AppDelegate.swift */; };
		142712B5289FAA3000478A6F /* SceneDelegate.swift in Sources */ = {isa = PBXBuildFile; fileRef = 142712B4289FAA3000478A6F /* SceneDelegate.swift */; };
		142712B7289FAA3000478A6F /* HomeVC.swift in Sources */ = {isa = PBXBuildFile; fileRef = 142712B6289FAA3000478A6F /* HomeVC.swift */; };
		142712BA289FAA3000478A6F /* Main.storyboard in Resources */ = {isa = PBXBuildFile; fileRef = 142712B8289FAA3000478A6F /* Main.storyboard */; };
		142712BC289FAA3100478A6F /* Assets.xcassets in Resources */ = {isa = PBXBuildFile; fileRef = 142712BB289FAA3100478A6F /* Assets.xcassets */; };
		142712BF289FAA3100478A6F /* LaunchScreen.storyboard in Resources */ = {isa = PBXBuildFile; fileRef = 142712BD289FAA3100478A6F /* LaunchScreen.storyboard */; };
		142712C7289FAAC300478A6F /* BluetoothSerial.swift in Sources */ = {isa = PBXBuildFile; fileRef = 142712C6289FAAC300478A6F /* BluetoothSerial.swift */; };
		142712CA289FC2F600478A6F /* HistoryVC.swift in Sources */ = {isa = PBXBuildFile; fileRef = 142712C9289FC2F600478A6F /* HistoryVC.swift */; };
		142712CC289FC45000478A6F /* InjectVC.swift in Sources */ = {isa = PBXBuildFile; fileRef = 142712CB289FC45000478A6F /* InjectVC.swift */; };
		142712CE289FC48A00478A6F /* SimulatorVC.swift in Sources */ = {isa = PBXBuildFile; fileRef = 142712CD289FC48A00478A6F /* SimulatorVC.swift */; };
		142712D0289FC4A600478A6F /* SettingsVC.swift in Sources */ = {isa = PBXBuildFile; fileRef = 142712CF289FC4A600478A6F /* SettingsVC.swift */; };
/* End PBXBuildFile section */

/* Begin PBXFileReference section */
		142712AF289FAA3000478A6F /* sgc.app */ = {isa = PBXFileReference; explicitFileType = wrapper.application; includeInIndex = 0; path = sgc.app; sourceTree = BUILT_PRODUCTS_DIR; };
		142712B2289FAA3000478A6F /* AppDelegate.swift */ = {isa = PBXFileReference; lastKnownFileType = sourcecode.swift; path = AppDelegate.swift; sourceTree = "<group>"; };
		142712B4289FAA3000478A6F /* SceneDelegate.swift */ = {isa = PBXFileReference; lastKnownFileType = sourcecode.swift; path = SceneDelegate.swift; sourceTree = "<group>"; };
		142712B6289FAA3000478A6F /* HomeVC.swift */ = {isa = PBXFileReference; lastKnownFileType = sourcecode.swift; path = HomeVC.swift; sourceTree = "<group>"; };
		142712B9289FAA3000478A6F /* Base */ = {isa = PBXFileReference; lastKnownFileType = file.storyboard; name = Base; path = Base.lproj/Main.storyboard; sourceTree = "<group>"; };
		142712BB289FAA3100478A6F /* Assets.xcassets */ = {isa = PBXFileReference; lastKnownFileType = folder.assetcatalog; path = Assets.xcassets; sourceTree = "<group>"; };
		142712BE289FAA3100478A6F /* Base */ = {isa = PBXFileReference; lastKnownFileType = file.storyboard; name = Base; path = Base.lproj/LaunchScreen.storyboard; sourceTree = "<group>"; };
		142712C0289FAA3100478A6F /* Info.plist */ = {isa = PBXFileReference; lastKnownFileType = text.plist.xml; path = Info.plist; sourceTree = "<group>"; };
		142712C6289FAAC300478A6F /* BluetoothSerial.swift */ = {isa = PBXFileReference; fileEncoding = 4; lastKnownFileType = sourcecode.swift; path = BluetoothSerial.swift; sourceTree = "<group>"; };
		142712C9289FC2F600478A6F /* HistoryVC.swift */ = {isa = PBXFileReference; lastKnownFileType = sourcecode.swift; path = HistoryVC.swift; sourceTree = "<group>"; };
		142712CB289FC45000478A6F /* InjectVC.swift */ = {isa = PBXFileReference; lastKnownFileType = sourcecode.swift; path = InjectVC.swift; sourceTree = "<group>"; };
		142712CD289FC48A00478A6F /* SimulatorVC.swift */ = {isa = PBXFileReference; lastKnownFileType = sourcecode.swift; path = SimulatorVC.swift; sourceTree = "<group>"; };
		142712CF289FC4A600478A6F /* SettingsVC.swift */ = {isa = PBXFileReference; lastKnownFileType = sourcecode.swift; path = SettingsVC.swift; sourceTree = "<group>"; };
/* End PBXFileReference section */

/* Begin PBXFrameworksBuildPhase section */
		142712AC289FAA3000478A6F /* Frameworks */ = {
			isa = PBXFrameworksBuildPhase;
			buildActionMask = 2147483647;
			files = (
			);
			runOnlyForDeploymentPostprocessing = 0;
		};
/* End PBXFrameworksBuildPhase section */

/* Begin PBXGroup section */
		142712A6289FAA3000478A6F = {
			isa = PBXGroup;
			children = (
				142712B1289FAA3000478A6F /* sgc */,
				142712B0289FAA3000478A6F /* Products */,
			);
			sourceTree = "<group>";
		};
		142712B0289FAA3000478A6F /* Products */ = {
			isa = PBXGroup;
			children = (
				142712AF289FAA3000478A6F /* sgc.app */,
			);
			name = Products;
			sourceTree = "<group>";
		};
		142712B1289FAA3000478A6F /* sgc */ = {
			isa = PBXGroup;
			children = (
				142712B2289FAA3000478A6F /* AppDelegate.swift */,
				142712B4289FAA3000478A6F /* SceneDelegate.swift */,
				142712B6289FAA3000478A6F /* HomeVC.swift */,
				142712CB289FC45000478A6F /* InjectVC.swift */,
				142712C9289FC2F600478A6F /* HistoryVC.swift */,
				142712CD289FC48A00478A6F /* SimulatorVC.swift */,
				142712CF289FC4A600478A6F /* SettingsVC.swift */,
				142712C6289FAAC300478A6F /* BluetoothSerial.swift */,
				142712B8289FAA3000478A6F /* Main.storyboard */,
				142712BB289FAA3100478A6F /* Assets.xcassets */,
				142712BD289FAA3100478A6F /* LaunchScreen.storyboard */,
				142712C0289FAA3100478A6F /* Info.plist */,
			);
			path = sgc;
			sourceTree = "<group>";
		};
/* End PBXGroup section */

/* Begin PBXNativeTarget section */
		142712AE289FAA3000478A6F /* sgc */ = {
			isa = PBXNativeTarget;
			buildConfigurationList = 142712C3289FAA3100478A6F /* Build configuration list for PBXNativeTarget "sgc" */;
			buildPhases = (
				142712AB289FAA3000478A6F /* Sources */,
				142712AC289FAA3000478A6F /* Frameworks */,
				142712AD289FAA3000478A6F /* Resources */,
			);
			buildRules = (
			);
			dependencies = (
			);
			name = sgc;
			productName = sgc;
			productReference = 142712AF289FAA3000478A6F /* sgc.app */;
			productType = "com.apple.product-type.application";
		};
/* End PBXNativeTarget section */

/* Begin PBXProject section */
		142712A7289FAA3000478A6F /* Project object */ = {
			isa = PBXProject;
			attributes = {
				BuildIndependentTargetsInParallel = 1;
				LastSwiftUpdateCheck = 1340;
				LastUpgradeCheck = 1340;
				TargetAttributes = {
					142712AE289FAA3000478A6F = {
						CreatedOnToolsVersion = 13.4.1;
					};
				};
			};
			buildConfigurationList = 142712AA289FAA3000478A6F /* Build configuration list for PBXProject "sgc" */;
			compatibilityVersion = "Xcode 13.0";
			developmentRegion = en;
			hasScannedForEncodings = 0;
			knownRegions = (
				en,
				Base,
			);
			mainGroup = 142712A6289FAA3000478A6F;
			productRefGroup = 142712B0289FAA3000478A6F /* Products */;
			projectDirPath = "";
			projectRoot = "";
			targets = (
				142712AE289FAA3000478A6F /* sgc */,
			);
		};
/* End PBXProject section */

/* Begin PBXResourcesBuildPhase section */
		142712AD289FAA3000478A6F /* Resources */ = {
			isa = PBXResourcesBuildPhase;
			buildActionMask = 2147483647;
			files = (
				142712BF289FAA3100478A6F /* LaunchScreen.storyboard in Resources */,
				142712BC289FAA3100478A6F /* Assets.xcassets in Resources */,
				142712BA289FAA3000478A6F /* Main.storyboard in Resources */,
			);
			runOnlyForDeploymentPostprocessing = 0;
		};
/* End PBXResourcesBuildPhase section */

/* Begin PBXSourcesBuildPhase section */
		142712AB289FAA3000478A6F /* Sources */ = {
			isa = PBXSourcesBuildPhase;
			buildActionMask = 2147483647;
			files = (
				142712B7289FAA3000478A6F /* HomeVC.swift in Sources */,
				142712B3289FAA3000478A6F /* AppDelegate.swift in Sources */,
				142712C7289FAAC300478A6F /* BluetoothSerial.swift in Sources */,
				142712CA289FC2F600478A6F /* HistoryVC.swift in Sources */,
				142712B5289FAA3000478A6F /* SceneDelegate.swift in Sources */,
				142712D0289FC4A600478A6F /* SettingsVC.swift in Sources */,
				142712CC289FC45000478A6F /* InjectVC.swift in Sources */,
				142712CE289FC48A00478A6F /* SimulatorVC.swift in Sources */,
			);
			runOnlyForDeploymentPostprocessing = 0;
		};
/* End PBXSourcesBuildPhase section */

/* Begin PBXVariantGroup section */
		142712B8289FAA3000478A6F /* Main.storyboard */ = {
			isa = PBXVariantGroup;
			children = (
				142712B9289FAA3000478A6F /* Base */,
			);
			name = Main.storyboard;
			sourceTree = "<group>";
		};
		142712BD289FAA3100478A6F /* LaunchScreen.storyboard */ = {
			isa = PBXVariantGroup;
			children = (
				142712BE289FAA3100478A6F /* Base */,
			);
			name = LaunchScreen.storyboard;
			sourceTree = "<group>";
		};
/* End PBXVariantGroup section */

/* Begin XCBuildConfiguration section */
		142712C1289FAA3100478A6F /* Debug */ = {
			isa = XCBuildConfiguration;
			buildSettings = {
				ALWAYS_SEARCH_USER_PATHS = NO;
				CLANG_ANALYZER_NONNULL = YES;
				CLANG_ANALYZER_NUMBER_OBJECT_CONVERSION = YES_AGGRESSIVE;
				CLANG_CXX_LANGUAGE_STANDARD = "gnu++17";
				CLANG_ENABLE_MODULES = YES;
				CLANG_ENABLE_OBJC_ARC = YES;
				CLANG_ENABLE_OBJC_WEAK = YES;
				CLANG_WARN_BLOCK_CAPTURE_AUTORELEASING = YES;
				CLANG_WARN_BOOL_CONVERSION = YES;
				CLANG_WARN_COMMA = YES;
				CLANG_WARN_CONSTANT_CONVERSION = YES;
				CLANG_WARN_DEPRECATED_OBJC_IMPLEMENTATIONS = YES;
				CLANG_WARN_DIRECT_OBJC_ISA_USAGE = YES_ERROR;
				CLANG_WARN_DOCUMENTATION_COMMENTS = YES;
				CLANG_WARN_EMPTY_BODY = YES;
				CLANG_WARN_ENUM_CONVERSION = YES;
				CLANG_WARN_INFINITE_RECURSION = YES;
				CLANG_WARN_INT_CONVERSION = YES;
				CLANG_WARN_NON_LITERAL_NULL_CONVERSION = YES;
				CLANG_WARN_OBJC_IMPLICIT_RETAIN_SELF = YES;
				CLANG_WARN_OBJC_LITERAL_CONVERSION = YES;
				CLANG_WARN_OBJC_ROOT_CLASS = YES_ERROR;
				CLANG_WARN_QUOTED_INCLUDE_IN_FRAMEWORK_HEADER = YES;
				CLANG_WARN_RANGE_LOOP_ANALYSIS = YES;
				CLANG_WARN_STRICT_PROTOTYPES = YES;
				CLANG_WARN_SUSPICIOUS_MOVE = YES;
				CLANG_WARN_UNGUARDED_AVAILABILITY = YES_AGGRESSIVE;
				CLANG_WARN_UNREACHABLE_CODE = YES;
				CLANG_WARN__DUPLICATE_METHOD_MATCH = YES;
				COPY_PHASE_STRIP = NO;
				DEBUG_INFORMATION_FORMAT = dwarf;
				ENABLE_STRICT_OBJC_MSGSEND = YES;
				ENABLE_TESTABILITY = YES;
				GCC_C_LANGUAGE_STANDARD = gnu11;
				GCC_DYNAMIC_NO_PIC = NO;
				GCC_NO_COMMON_BLOCKS = YES;
				GCC_OPTIMIZATION_LEVEL = 0;
				GCC_PREPROCESSOR_DEFINITIONS = (
					"DEBUG=1",
					"$(inherited)",
				);
				GCC_WARN_64_TO_32_BIT_CONVERSION = YES;
				GCC_WARN_ABOUT_RETURN_TYPE = YES_ERROR;
				GCC_WARN_UNDECLARED_SELECTOR = YES;
				GCC_WARN_UNINITIALIZED_AUTOS = YES_AGGRESSIVE;
				GCC_WARN_UNUSED_FUNCTION = YES;
				GCC_WARN_UNUSED_VARIABLE = YES;
				IPHONEOS_DEPLOYMENT_TARGET = 15.5;
				MTL_ENABLE_DEBUG_INFO = INCLUDE_SOURCE;
				MTL_FAST_MATH = YES;
				ONLY_ACTIVE_ARCH = YES;
				SDKROOT = iphoneos;
				SWIFT_ACTIVE_COMPILATION_CONDITIONS = DEBUG;
				SWIFT_OPTIMIZATION_LEVEL = "-Onone";
			};
			name = Debug;
		};
		142712C2289FAA3100478A6F /* Release */ = {
			isa = XCBuildConfiguration;
			buildSettings = {
				ALWAYS_SEARCH_USER_PATHS = NO;
				CLANG_ANALYZER_NONNULL = YES;
				CLANG_ANALYZER_NUMBER_OBJECT_CONVERSION = YES_AGGRESSIVE;
				CLANG_CXX_LANGUAGE_STANDARD = "gnu++17";
				CLANG_ENABLE_MODULES = YES;
				CLANG_ENABLE_OBJC_ARC = YES;
				CLANG_ENABLE_OBJC_WEAK = YES;
				CLANG_WARN_BLOCK_CAPTURE_AUTORELEASING = YES;
				CLANG_WARN_BOOL_CONVERSION = YES;
				CLANG_WARN_COMMA = YES;
				CLANG_WARN_CONSTANT_CONVERSION = YES;
				CLANG_WARN_DEPRECATED_OBJC_IMPLEMENTATIONS = YES;
				CLANG_WARN_DIRECT_OBJC_ISA_USAGE = YES_ERROR;
				CLANG_WARN_DOCUMENTATION_COMMENTS = YES;
				CLANG_WARN_EMPTY_BODY = YES;
				CLANG_WARN_ENUM_CONVERSION = YES;
				CLANG_WARN_INFINITE_RECURSION = YES;
				CLANG_WARN_INT_CONVERSION = YES;
				CLANG_WARN_NON_LITERAL_NULL_CONVERSION = YES;
				CLANG_WARN_OBJC_IMPLICIT_RETAIN_SELF = YES;
				CLANG_WARN_OBJC_LITERAL_CONVERSION = YES;
				CLANG_WARN_OBJC_ROOT_CLASS = YES_ERROR;
				CLANG_WARN_QUOTED_INCLUDE_IN_FRAMEWORK_HEADER = YES;
				CLANG_WARN_RANGE_LOOP_ANALYSIS = YES;
				CLANG_WARN_STRICT_PROTOTYPES = YES;
				CLANG_WARN_SUSPICIOUS_MOVE = YES;
				CLANG_WARN_UNGUARDED_AVAILABILITY = YES_AGGRESSIVE;
				CLANG_WARN_UNREACHABLE_CODE = YES;
				CLANG_WARN__DUPLICATE_METHOD_MATCH = YES;
				COPY_PHASE_STRIP = NO;
				DEBUG_INFORMATION_FORMAT = "dwarf-with-dsym";
				ENABLE_NS_ASSERTIONS = NO;
				ENABLE_STRICT_OBJC_MSGSEND = YES;
				GCC_C_LANGUAGE_STANDARD = gnu11;
				GCC_NO_COMMON_BLOCKS = YES;
				GCC_WARN_64_TO_32_BIT_CONVERSION = YES;
				GCC_WARN_ABOUT_RETURN_TYPE = YES_ERROR;
				GCC_WARN_UNDECLARED_SELECTOR = YES;
				GCC_WARN_UNINITIALIZED_AUTOS = YES_AGGRESSIVE;
				GCC_WARN_UNUSED_FUNCTION = YES;
				GCC_WARN_UNUSED_VARIABLE = YES;
				IPHONEOS_DEPLOYMENT_TARGET = 15.5;
				MTL_ENABLE_DEBUG_INFO = NO;
				MTL_FAST_MATH = YES;
				SDKROOT = iphoneos;
				SWIFT_COMPILATION_MODE = wholemodule;
				SWIFT_OPTIMIZATION_LEVEL = "-O";
				VALIDATE_PRODUCT = YES;
			};
			name = Release;
		};
		142712C4289FAA3100478A6F /* Debug */ = {
			isa = XCBuildConfiguration;
			buildSettings = {
				ASSETCATALOG_COMPILER_APPICON_NAME = AppIcon;
				ASSETCATALOG_COMPILER_GLOBAL_ACCENT_COLOR_NAME = AccentColor;
				CODE_SIGN_STYLE = Automatic;
				CURRENT_PROJECT_VERSION = 1;
				DEVELOPMENT_TEAM = X7328VUX59;
				GENERATE_INFOPLIST_FILE = YES;
				INFOPLIST_FILE = sgc/Info.plist;
				INFOPLIST_KEY_UIApplicationSupportsIndirectInputEvents = YES;
				INFOPLIST_KEY_UILaunchStoryboardName = LaunchScreen;
				INFOPLIST_KEY_UIMainStoryboardFile = Main;
				INFOPLIST_KEY_UISupportedInterfaceOrientations_iPad = "UIInterfaceOrientationPortrait UIInterfaceOrientationPortraitUpsideDown UIInterfaceOrientationLandscapeLeft UIInterfaceOrientationLandscapeRight";
				INFOPLIST_KEY_UISupportedInterfaceOrientations_iPhone = "UIInterfaceOrientationPortrait UIInterfaceOrientationLandscapeLeft UIInterfaceOrientationLandscapeRight";
				LD_RUNPATH_SEARCH_PATHS = (
					"$(inherited)",
					"@executable_path/Frameworks",
				);
				MARKETING_VERSION = 1.0;
				PRODUCT_BUNDLE_IDENTIFIER = roeyswift.sgc;
				PRODUCT_NAME = "$(TARGET_NAME)";
				SWIFT_EMIT_LOC_STRINGS = YES;
				SWIFT_VERSION = 5.0;
				TARGETED_DEVICE_FAMILY = "1,2";
			};
			name = Debug;
		};
		142712C5289FAA3100478A6F /* Release */ = {
			isa = XCBuildConfiguration;
			buildSettings = {
				ASSETCATALOG_COMPILER_APPICON_NAME = AppIcon;
				ASSETCATALOG_COMPILER_GLOBAL_ACCENT_COLOR_NAME = AccentColor;
				CODE_SIGN_STYLE = Automatic;
				CURRENT_PROJECT_VERSION = 1;
				DEVELOPMENT_TEAM = X7328VUX59;
				GENERATE_INFOPLIST_FILE = YES;
				INFOPLIST_FILE = sgc/Info.plist;
				INFOPLIST_KEY_UIApplicationSupportsIndirectInputEvents = YES;
				INFOPLIST_KEY_UILaunchStoryboardName = LaunchScreen;
				INFOPLIST_KEY_UIMainStoryboardFile = Main;
				INFOPLIST_KEY_UISupportedInterfaceOrientations_iPad = "UIInterfaceOrientationPortrait UIInterfaceOrientationPortraitUpsideDown UIInterfaceOrientationLandscapeLeft UIInterfaceOrientationLandscapeRight";
				INFOPLIST_KEY_UISupportedInterfaceOrientations_iPhone = "UIInterfaceOrientationPortrait UIInterfaceOrientationLandscapeLeft UIInterfaceOrientationLandscapeRight";
				LD_RUNPATH_SEARCH_PATHS = (
					"$(inherited)",
					"@executable_path/Frameworks",
				);
				MARKETING_VERSION = 1.0;
				PRODUCT_BUNDLE_IDENTIFIER = roeyswift.sgc;
				PRODUCT_NAME = "$(TARGET_NAME)";
				SWIFT_EMIT_LOC_STRINGS = YES;
				SWIFT_VERSION = 5.0;
				TARGETED_DEVICE_FAMILY = "1,2";
			};
			name = Release;
		};
/* End XCBuildConfiguration section */

/* Begin XCConfigurationList section */
		142712AA289FAA3000478A6F /* Build configuration list for PBXProject "sgc" */ = {
			isa = XCConfigurationList;
			buildConfigurations = (
				142712C1289FAA3100478A6F /* Debug */,
				142712C2289FAA3100478A6F /* Release */,
			);
			defaultConfigurationIsVisible = 0;
			defaultConfigurationName = Release;
		};
		142712C3289FAA3100478A6F /* Build configuration list for PBXNativeTarget "sgc" */ = {
			isa = XCConfigurationList;
			buildConfigurations = (
				142712C4289FAA3100478A6F /* Debug */,
				142712C5289FAA3100478A6F /* Release */,
			);
			defaultConfigurationIsVisible = 0;
			defaultConfigurationName = Release;
		};
/* End XCConfigurationList section */
	};
	rootObject = 142712A7289FAA3000478A6F /* Project object */;
}
